// !$*UTF8*$!
{
	archiveVersion = 1;
	classes = {
	};
	objectVersion = 77;
	objects = {

/* Begin PBXBuildFile section */
		C826A6FCE48478DCB74F2134 /* Cocoa.framework in Frameworks */ = {isa = PBXBuildFile; fileRef = 30877432D1026706D7E805DA /* Cocoa.framework */; };
		5D2CCE8038A39D5E0853964B /* Metal.framework in Frameworks */ = {isa = PBXBuildFile; fileRef = 846A32C3BB81E3C29B621792 /* Metal.framework */; };
		50AF03B971722F244F58D669 /* MetalKit.framework in Frameworks */ = {isa = PBXBuildFile; fileRef = 73C8EB5BB682575EC87A171A /* MetalKit.framework */; };
/* End PBXBuildFile section */

/* Begin PBXContainerItemProxy section */
		DA7EAE8F3049C855009656D2 /* PBXContainerItemProxy */ = {
			isa = PBXContainerItemProxy;
			containerPortal = DA7EAE6B3049C854009656D2 /* Project object */;
			proxyType = 1;
			remoteGlobalIDString = DA7EAE723049C854009656D2;
			remoteInfo = "sph-sim";
		};
		DA7EAE993049C855009656D2 /* PBXContainerItemProxy */ = {
			isa = PBXContainerItemProxy;
			containerPortal = DA7EAE6B3049C854009656D2 /* Project object */;
			proxyType = 1;
			remoteGlobalIDString = DA7EAE723049C854009656D2;
			remoteInfo = "sph-sim";
		};
/* End PBXContainerItemProxy section */

/* Begin PBXFileReference section */
		DA7EAE733049C854009656D2 /* sph-sim.app */ = {isa = PBXFileReference; explicitFileType = wrapper.application; includeInIndex = 0; path = "sph-sim.app"; sourceTree = BUILT_PRODUCTS_DIR; };
		DA7EAE8E3049C855009656D2 /* sph-simTests.xctest */ = {isa = PBXFileReference; explicitFileType = wrapper.cfbundle; includeInIndex = 0; path = "sph-simTests.xctest"; sourceTree = BUILT_PRODUCTS_DIR; };
		DA7EAE983049C855009656D2 /* sph-simUITests.xctest */ = {isa = PBXFileReference; explicitFileType = wrapper.cfbundle; includeInIndex = 0; path = "sph-simUITests.xctest"; sourceTree = BUILT_PRODUCTS_DIR; };
		30877432D1026706D7E805DA /* Cocoa.framework */ = {isa = PBXFileReference; lastKnownFileType = wrapper.framework; name = Cocoa.framework; path = System/Library/Frameworks/Cocoa.framework; sourceTree = SDKROOT; };
		846A32C3BB81E3C29B621792 /* Metal.framework */ = {isa = PBXFileReference; lastKnownFileType = wrapper.framework; name = Metal.framework; path = System/Library/Frameworks/Metal.framework; sourceTree = SDKROOT; };
		73C8EB5BB682575EC87A171A /* MetalKit.framework */ = {isa = PBXFileReference; lastKnownFileType = wrapper.framework; name = MetalKit.framework; path = System/Library/Frameworks/MetalKit.framework; sourceTree = SDKROOT; };
/* End PBXFileReference section */

/* Begin PBXFileSystemSynchronizedRootGroup section */
		DA7EAE753049C854009656D2 /* sph-sim */ = {
			isa = PBXFileSystemSynchronizedRootGroup;
			path = "sph-sim";
			sourceTree = "<group>";
		};
		DA7EAE913049C855009656D2 /* sph-simTests */ = {
			isa = PBXFileSystemSynchronizedRootGroup;
			path = "sph-simTests";
			sourceTree = "<group>";
		};
		DA7EAE9B3049C855009656D2 /* sph-simUITests */ = {
			isa = PBXFileSystemSynchronizedRootGroup;
			path = "sph-simUITests";
			sourceTree = "<group>";
		};
/* End PBXFileSystemSynchronizedRootGroup section */

/* Begin PBXFrameworksBuildPhase section */
		DA7EAE703049C854009656D2 /* Frameworks */ = {
			isa = PBXFrameworksBuildPhase;
			buildActionMask = 2147483647;
			files = (
				C826A6FCE48478DCB74F2134 /* Cocoa.framework in Frameworks */,
				5D2CCE8038A39D5E0853964B /* Metal.framework in Frameworks */,
				50AF03B971722F244F58D669 /* MetalKit.framework in Frameworks */,
			);
			runOnlyForDeploymentPostprocessing = 0;
		};
		DA7EAE8B3049C855009656D2 /* Frameworks */ = {
			isa = PBXFrameworksBuildPhase;
			buildActionMask = 2147483647;
			files = (
			);
			runOnlyForDeploymentPostprocessing = 0;
		};
		DA7EAE953049C855009656D2 /* Frameworks */ = {
			isa = PBXFrameworksBuildPhase;
			buildActionMask = 2147483647;
			files = (
			);
			runOnlyForDeploymentPostprocessing = 0;
		};
/* End PBXFrameworksBuildPhase section */

/* Begin PBXGroup section */
		DA7EAE6A3049C854009656D2 = {
			isa = PBXGroup;
			children = (
				DA7EAE753049C854009656D2 /* sph-sim */,
				DA7EAE913049C855009656D2 /* sph-simTests */,
				DA7EAE9B3049C855009656D2 /* sph-simUITests */,
				CBEE3772A077021721A278F6 /* Frameworks */,
				DA7EAE743049C854009656D2 /* Products */,
			);
			sourceTree = "<group>";
		};
		DA7EAE743049C854009656D2 /* Products */ = {
			isa = PBXGroup;
			children = (
				DA7EAE733049C854009656D2 /* sph-sim.app */,
				DA7EAE8E3049C855009656D2 /* sph-simTests.xctest */,
				DA7EAE983049C855009656D2 /* sph-simUITests.xctest */,
			);
			name = Products;
			sourceTree = "<group>";
		};
		CBEE3772A077021721A278F6 /* Frameworks */ = {
			isa = PBXGroup;
			children = (
				30877432D1026706D7E805DA /* Cocoa.framework */,
				846A32C3BB81E3C29B621792 /* Metal.framework */,
				73C8EB5BB682575EC87A171A /* MetalKit.framework */,
			);
			name = Frameworks;
			sourceTree = "<group>";
		};
/* End PBXGroup section */

/* Begin PBXNativeTarget section */
		DA7EAE723049C854009656D2 /* sph-sim */ = {
			isa = PBXNativeTarget;
			buildConfigurationList = DA7EAEA23049C855009656D2 /* Build configuration list for PBXNativeTarget "sph-sim" */;
			buildPhases = (
				DA7EAE6F3049C854009656D2 /* Sources */,
				DA7EAE703049C854009656D2 /* Frameworks */,
				DA7EAE713049C854009656D2 /* Resources */,
			);
			buildRules = (
			);
			dependencies = (
			);
			fileSystemSynchronizedGroups = (
				DA7EAE753049C854009656D2 /* sph-sim */,
			);
			name = "sph-sim";
			packageProductDependencies = (
			);
			productName = "sph-sim";
			productReference = DA7EAE733049C854009656D2 /* sph-sim.app */;
			productType = "com.apple.product-type.application";
		};
		DA7EAE8D3049C855009656D2 /* sph-simTests */ = {
			isa = PBXNativeTarget;
			buildConfigurationList = DA7EAEA53049C855009656D2 /* Build configuration list for PBXNativeTarget "sph-simTests" */;
			buildPhases = (
				DA7EAE8A3049C855009656D2 /* Sources */,
				DA7EAE8B3049C855009656D2 /* Frameworks */,
				DA7EAE8C3049C855009656D2 /* Resources */,
			);
			buildRules = (
			);
			dependencies = (
				DA7EAE903049C855009656D2 /* PBXTargetDependency */,
			);
			fileSystemSynchronizedGroups = (
				DA7EAE913049C855009656D2 /* sph-simTests */,
			);
			name = "sph-simTests";
			packageProductDependencies = (
			);
			productName = "sph-simTests";
			productReference = DA7EAE8E3049C855009656D2 /* sph-simTests.xctest */;
			productType = "com.apple.product-type.bundle.unit-test";
		};
		DA7EAE973049C855009656D2 /* sph-simUITests */ = {
			isa = PBXNativeTarget;
			buildConfigurationList = DA7EAEA83049C855009656D2 /* Build configuration list for PBXNativeTarget "sph-simUITests" */;
			buildPhases = (
				DA7EAE943049C855009656D2 /* Sources */,
				DA7EAE953049C855009656D2 /* Frameworks */,
				DA7EAE963049C855009656D2 /* Resources */,
			);
			buildRules = (
			);
			dependencies = (
				DA7EAE9A3049C855009656D2 /* PBXTargetDependency */,
			);
			fileSystemSynchronizedGroups = (
				DA7EAE9B3049C855009656D2 /* sph-simUITests */,
			);
			name = "sph-simUITests";
			packageProductDependencies = (
			);
			productName = "sph-simUITests";
			productReference = DA7EAE983049C855009656D2 /* sph-simUITests.xctest */;
			productType = "com.apple.product-type.bundle.ui-testing";
		};
/* End PBXNativeTarget section */

/* Begin PBXProject section */
		DA7EAE6B3049C854009656D2 /* Project object */ = {
			isa = PBXProject;
			attributes = {
				BuildIndependentTargetsInParallel = 1;
				LastUpgradeCheck = 1640;
				TargetAttributes = {
					DA7EAE723049C854009656D2 = {
						CreatedOnToolsVersion = 16.4;
					};
					DA7EAE8D3049C855009656D2 = {
						CreatedOnToolsVersion = 16.4;
						TestTargetID = DA7EAE723049C854009656D2;
					};
					DA7EAE973049C855009656D2 = {
						CreatedOnToolsVersion = 16.4;
						TestTargetID = DA7EAE723049C854009656D2;
					};
				};
			};
			buildConfigurationList = DA7EAE6E3049C854009656D2 /* Build configuration list for PBXProject "sph-sim" */;
			developmentRegion = en;
			hasScannedForEncodings = 0;
			knownRegions = (
				en,
				Base,
			);
			mainGroup = DA7EAE6A3049C854009656D2;
			minimizedProjectReferenceProxies = 1;
			preferredProjectObjectVersion = 77;
			productRefGroup = DA7EAE743049C854009656D2 /* Products */;
			projectDirPath = "";
			projectRoot = "";
			targets = (
				DA7EAE723049C854009656D2 /* sph-sim */,
				DA7EAE8D3049C855009656D2 /* sph-simTests */,
				DA7EAE973049C855009656D2 /* sph-simUITests */,
			);
		};
/* End PBXProject section */

/* Begin PBXResourcesBuildPhase section */
		DA7EAE713049C854009656D2 /* Resources */ = {
			isa = PBXResourcesBuildPhase;
			buildActionMask = 2147483647;
			files = (
			);
			runOnlyForDeploymentPostprocessing = 0;
		};
		DA7EAE8C3049C855009656D2 /* Resources */ = {
			isa = PBXResourcesBuildPhase;
			buildActionMask = 2147483647;
			files = (
			);
			runOnlyForDeploymentPostprocessing = 0;
		};
		DA7EAE963049C855009656D2 /* Resources */ = {
			isa = PBXResourcesBuildPhase;
			buildActionMask = 2147483647;
			files = (
			);
			runOnlyForDeploymentPostprocessing = 0;
		};
/* End PBXResourcesBuildPhase section */

/* Begin PBXSourcesBuildPhase section */
		DA7EAE6F3049C854009656D2 /* Sources */ = {
			isa = PBXSourcesBuildPhase;
			buildActionMask = 2147483647;
			files = (
			);
			runOnlyForDeploymentPostprocessing = 0;
		};
		DA7EAE8A3049C855009656D2 /* Sources */ = {
			isa = PBXSourcesBuildPhase;
			buildActionMask = 2147483647;
			files = (
			);
			runOnlyForDeploymentPostprocessing = 0;
		};
		DA7EAE943049C855009656D2 /* Sources */ = {
			isa = PBXSourcesBuildPhase;
			buildActionMask = 2147483647;
			files = (
			);
			runOnlyForDeploymentPostprocessing = 0;
		};
/* End PBXSourcesBuildPhase section */

/* Begin PBXTargetDependency section */
		DA7EAE903049C855009656D2 /* PBXTargetDependency */ = {
			isa = PBXTargetDependency;
			target = DA7EAE723049C854009656D2 /* sph-sim */;
			targetProxy = DA7EAE8F3049C855009656D2 /* PBXContainerItemProxy */;
		};
		DA7EAE9A3049C855009656D2 /* PBXTargetDependency */ = {
			isa = PBXTargetDependency;
			target = DA7EAE723049C854009656D2 /* sph-sim */;
			targetProxy = DA7EAE993049C855009656D2 /* PBXContainerItemProxy */;
		};
/* End PBXTargetDependency section */

/* Begin XCBuildConfiguration section */
		DA7EAEA03049C855009656D2 /* Debug */ = {
			isa = XCBuildConfiguration;
			buildSettings = {
				ALWAYS_SEARCH_USER_PATHS = NO;
				ASSETCATALOG_COMPILER_GENERATE_SWIFT_ASSET_SYMBOL_EXTENSIONS = YES;
				CLANG_ANALYZER_NONNULL = YES;
				CLANG_ANALYZER_NUMBER_OBJECT_CONVERSION = YES_AGGRESSIVE;
				CLANG_CXX_LANGUAGE_STANDARD = "gnu++20";
				CLANG_ENABLE_MODULES = YES;
				CLANG_ENABLE_OBJC_ARC = YES;
				CLANG_ENABLE_OBJC_WEAK = YES;
				CLANG_WARN_BLOCK_CAPTURE_AUTORELEASING = YES;
				CLANG_WARN_BOOL_CONVERSION = YES;
				CLANG_WARN_COMMA = YES;
				CLANG_WARN_CONSTANT_CONVERSION = YES;
				CLANG_WARN_DEPRECATED_OBJC_IMPLEMENTATIONS = YES;
				CLANG_WARN_DIRECT_OBJC_ISA_USAGE = YES_ERROR;
				CLANG_WARN_DOCUMENTATION_COMMENTS = YES;
				CLANG_WARN_EMPTY_BODY = YES;
				CLANG_WARN_ENUM_CONVERSION = YES;
				CLANG_WARN_INFINITE_RECURSION = YES;
				CLANG_WARN_INT_CONVERSION = YES;
				CLANG_WARN_NON_LITERAL_NULL_CONVERSION = YES;
				CLANG_WARN_OBJC_IMPLICIT_RETAIN_SELF = YES;
				CLANG_WARN_OBJC_LITERAL_CONVERSION = YES;
				CLANG_WARN_OBJC_ROOT_CLASS = YES_ERROR;
				CLANG_WARN_QUOTED_INCLUDE_IN_FRAMEWORK_HEADER = YES;
				CLANG_WARN_RANGE_LOOP_ANALYSIS = YES;
				CLANG_WARN_STRICT_PROTOTYPES = YES;
				CLANG_WARN_SUSPICIOUS_MOVE = YES;
				CLANG_WARN_UNGUARDED_AVAILABILITY = YES_AGGRESSIVE;
				CLANG_WARN_UNREACHABLE_CODE = YES;
				CLANG_WARN__DUPLICATE_METHOD_MATCH = YES;
				COPY_PHASE_STRIP = NO;
				DEBUG_INFORMATION_FORMAT = dwarf;
				ENABLE_STRICT_OBJC_MSGSEND = YES;
				ENABLE_TESTABILITY = YES;
				ENABLE_USER_SCRIPT_SANDBOXING = YES;
				GCC_C_LANGUAGE_STANDARD = gnu17;
				GCC_DYNAMIC_NO_PIC = NO;
				GCC_NO_COMMON_BLOCKS = YES;
				GCC_OPTIMIZATION_LEVEL = 0;
				GCC_PREPROCESSOR_DEFINITIONS = (
					"DEBUG=1",
					"$(inherited)",
				);
				GCC_WARN_64_TO_32_BIT_CONVERSION = YES;
				GCC_WARN_ABOUT_RETURN_TYPE = YES_ERROR;
				GCC_WARN_UNDECLARED_SELECTOR = YES;
				GCC_WARN_UNINITIALIZED_AUTOS = YES_AGGRESSIVE;
				GCC_WARN_UNUSED_FUNCTION = YES;
				GCC_WARN_UNUSED_VARIABLE = YES;
				LOCALIZATION_PREFERS_STRING_CATALOGS = YES;
				MACOSX_DEPLOYMENT_TARGET = 15.5;
				MTL_ENABLE_DEBUG_INFO = INCLUDE_SOURCE;
				MTL_FAST_MATH = YES;
				ONLY_ACTIVE_ARCH = YES;
				SDKROOT = macosx;
			};
			name = Debug;
		};
		DA7EAEA13049C855009656D2 /* Release */ = {
			isa = XCBuildConfiguration;
			buildSettings = {
				ALWAYS_SEARCH_USER_PATHS = NO;
				ASSETCATALOG_COMPILER_GENERATE_SWIFT_ASSET_SYMBOL_EXTENSIONS = YES;
				CLANG_ANALYZER_NONNULL = YES;
				CLANG_ANALYZER_NUMBER_OBJECT_CONVERSION = YES_AGGRESSIVE;
				CLANG_CXX_LANGUAGE_STANDARD = "gnu++20";
				CLANG_ENABLE_MODULES = YES;
				CLANG_ENABLE_OBJC_ARC = YES;
				CLANG_ENABLE_OBJC_WEAK = YES;
				CLANG_WARN_BLOCK_CAPTURE_AUTORELEASING = YES;
				CLANG_WARN_BOOL_CONVERSION = YES;
				CLANG_WARN_COMMA = YES;
				CLANG_WARN_CONSTANT_CONVERSION = YES;
				CLANG_WARN_DEPRECATED_OBJC_IMPLEMENTATIONS = YES;
				CLANG_WARN_DIRECT_OBJC_ISA_USAGE = YES_ERROR;
				CLANG_WARN_DOCUMENTATION_COMMENTS = YES;
				CLANG_WARN_EMPTY_BODY = YES;
				CLANG_WARN_ENUM_CONVERSION = YES;
				CLANG_WARN_INFINITE_RECURSION = YES;
				CLANG_WARN_INT_CONVERSION = YES;
				CLANG_WARN_NON_LITERAL_NULL_CONVERSION = YES;
				CLANG_WARN_OBJC_IMPLICIT_RETAIN_SELF = YES;
				CLANG_WARN_OBJC_LITERAL_CONVERSION = YES;
				CLANG_WARN_OBJC_ROOT_CLASS = YES_ERROR;
				CLANG_WARN_QUOTED_INCLUDE_IN_FRAMEWORK_HEADER = YES;
				CLANG_WARN_RANGE_LOOP_ANALYSIS = YES;
				CLANG_WARN_STRICT_PROTOTYPES = YES;
				CLANG_WARN_SUSPICIOUS_MOVE = YES;
				CLANG_WARN_UNGUARDED_AVAILABILITY = YES_AGGRESSIVE;
				CLANG_WARN_UNREACHABLE_CODE = YES;
				CLANG_WARN__DUPLICATE_METHOD_MATCH = YES;
				COPY_PHASE_STRIP = NO;
				DEBUG_INFORMATION_FORMAT = "dwarf-with-dsym";
				ENABLE_NS_ASSERTIONS = NO;
				ENABLE_STRICT_OBJC_MSGSEND = YES;
				ENABLE_USER_SCRIPT_SANDBOXING = YES;
				GCC_C_LANGUAGE_STANDARD = gnu17;
				GCC_NO_COMMON_BLOCKS = YES;
				GCC_WARN_64_TO_32_BIT_CONVERSION = YES;
				GCC_WARN_ABOUT_RETURN_TYPE = YES_ERROR;
				GCC_WARN_UNDECLARED_SELECTOR = YES;
				GCC_WARN_UNINITIALIZED_AUTOS = YES_AGGRESSIVE;
				GCC_WARN_UNUSED_FUNCTION = YES;
				GCC_WARN_UNUSED_VARIABLE = YES;
				LOCALIZATION_PREFERS_STRING_CATALOGS = YES;
				MACOSX_DEPLOYMENT_TARGET = 15.5;
				MTL_ENABLE_DEBUG_INFO = NO;
				MTL_FAST_MATH = YES;
				SDKROOT = macosx;
			};
			name = Release;
		};
		DA7EAEA33049C855009656D2 /* Debug */ = {
			isa = XCBuildConfiguration;
			buildSettings = {
				ASSETCATALOG_COMPILER_APPICON_NAME = AppIcon;
				ASSETCATALOG_COMPILER_GLOBAL_ACCENT_COLOR_NAME = AccentColor;
				CODE_SIGN_ENTITLEMENTS = "sph-sim/sph_sim.entitlements";
				CODE_SIGN_STYLE = Automatic;
				COMBINE_HIDPI_IMAGES = YES;
				CURRENT_PROJECT_VERSION = 1;
				GENERATE_INFOPLIST_FILE = YES;
				INFOPLIST_KEY_NSHumanReadableCopyright = "";
				INFOPLIST_KEY_NSMainStoryboardFile = Main;
				INFOPLIST_KEY_NSPrincipalClass = NSApplication;
				LD_RUNPATH_SEARCH_PATHS = (
					"$(inherited)",
					"@executable_path/../Frameworks",
				);
				MARKETING_VERSION = 1.0;
				PRODUCT_BUNDLE_IDENTIFIER = "sanjay.sph-sim";
				PRODUCT_NAME = "$(TARGET_NAME)";
				REGISTER_APP_GROUPS = YES;
				SWIFT_EMIT_LOC_STRINGS = YES;
			};
			name = Debug;
		};
		DA7EAEA43049C855009656D2 /* Release */ = {
			isa = XCBuildConfiguration;
			buildSettings = {
				ASSETCATALOG_COMPILER_APPICON_NAME = AppIcon;
				ASSETCATALOG_COMPILER_GLOBAL_ACCENT_COLOR_NAME = AccentColor;
				CODE_SIGN_ENTITLEMENTS = "sph-sim/sph_sim.entitlements";
				CODE_SIGN_STYLE = Automatic;
				COMBINE_HIDPI_IMAGES = YES;
				CURRENT_PROJECT_VERSION = 1;
				GENERATE_INFOPLIST_FILE = YES;
				INFOPLIST_KEY_NSHumanReadableCopyright = "";
				INFOPLIST_KEY_NSMainStoryboardFile = Main;
				INFOPLIST_KEY_NSPrincipalClass = NSApplication;
				LD_RUNPATH_SEARCH_PATHS = (
					"$(inherited)",
					"@executable_path/../Frameworks",
				);
				MARKETING_VERSION = 1.0;
				PRODUCT_BUNDLE_IDENTIFIER = "sanjay.sph-sim";
				PRODUCT_NAME = "$(TARGET_NAME)";
				REGISTER_APP_GROUPS = YES;
				SWIFT_EMIT_LOC_STRINGS = YES;
			};
			name = Release;
		};
		DA7EAEA63049C855009656D2 /* Debug */ = {
			isa = XCBuildConfiguration;
			buildSettings = {
				BUNDLE_LOADER = "$(TEST_HOST)";
				CODE_SIGN_STYLE = Automatic;
				CURRENT_PROJECT_VERSION = 1;
				GENERATE_INFOPLIST_FILE = YES;
				MACOSX_DEPLOYMENT_TARGET = 15.5;
				MARKETING_VERSION = 1.0;
				PRODUCT_BUNDLE_IDENTIFIER = "sanjay.sph-simTests";
				PRODUCT_NAME = "$(TARGET_NAME)";
				SWIFT_EMIT_LOC_STRINGS = NO;
				TEST_HOST = "$(BUILT_PRODUCTS_DIR)/sph-sim.app/$(BUNDLE_EXECUTABLE_FOLDER_PATH)/sph-sim";
			};
			name = Debug;
		};
		DA7EAEA73049C855009656D2 /* Release */ = {
			isa = XCBuildConfiguration;
			buildSettings = {
				BUNDLE_LOADER = "$(TEST_HOST)";
				CODE_SIGN_STYLE = Automatic;
				CURRENT_PROJECT_VERSION = 1;
				GENERATE_INFOPLIST_FILE = YES;
				MACOSX_DEPLOYMENT_TARGET = 15.5;
				MARKETING_VERSION = 1.0;
				PRODUCT_BUNDLE_IDENTIFIER = "sanjay.sph-simTests";
				PRODUCT_NAME = "$(TARGET_NAME)";
				SWIFT_EMIT_LOC_STRINGS = NO;
				TEST_HOST = "$(BUILT_PRODUCTS_DIR)/sph-sim.app/$(BUNDLE_EXECUTABLE_FOLDER_PATH)/sph-sim";
			};
			name = Release;
		};
		DA7EAEA93049C855009656D2 /* Debug */ = {
			isa = XCBuildConfiguration;
			buildSettings = {
				CODE_SIGN_STYLE = Automatic;
				CURRENT_PROJECT_VERSION = 1;
				GENERATE_INFOPLIST_FILE = YES;
				MARKETING_VERSION = 1.0;
				PRODUCT_BUNDLE_IDENTIFIER = "sanjay.sph-simUITests";
				PRODUCT_NAME = "$(TARGET_NAME)";
				SWIFT_EMIT_LOC_STRINGS = NO;
				TEST_TARGET_NAME = "sph-sim";
			};
			name = Debug;
		};
		DA7EAEAA3049C855009656D2 /* Release */ = {
			isa = XCBuildConfiguration;
			buildSettings = {
				CODE_SIGN_STYLE = Automatic;
				CURRENT_PROJECT_VERSION = 1;
				GENERATE_INFOPLIST_FILE = YES;
				MARKETING_VERSION = 1.0;
				PRODUCT_BUNDLE_IDENTIFIER = "sanjay.sph-simUITests";
				PRODUCT_NAME = "$(TARGET_NAME)";
				SWIFT_EMIT_LOC_STRINGS = NO;
				TEST_TARGET_NAME = "sph-sim";
			};
			name = Release;
		};
/* End XCBuildConfiguration section */

/* Begin XCConfigurationList section */
		DA7EAE6E3049C854009656D2 /* Build configuration list for PBXProject "sph-sim" */ = {
			isa = XCConfigurationList;
			buildConfigurations = (
				DA7EAEA03049C855009656D2 /* Debug */,
				DA7EAEA13049C855009656D2 /* Release */,
			);
			defaultConfigurationIsVisible = 0;
			defaultConfigurationName = Release;
		};
		DA7EAEA23049C855009656D2 /* Build configuration list for PBXNativeTarget "sph-sim" */ = {
			isa = XCConfigurationList;
			buildConfigurations = (
				DA7EAEA33049C855009656D2 /* Debug */,
				DA7EAEA43049C855009656D2 /* Release */,
			);
			defaultConfigurationIsVisible = 0;
			defaultConfigurationName = Release;
		};
		DA7EAEA53049C855009656D2 /* Build configuration list for PBXNativeTarget "sph-simTests" */ = {
			isa = XCConfigurationList;
			buildConfigurations = (
				DA7EAEA63049C855009656D2 /* Debug */,
				DA7EAEA73049C855009656D2 /* Release */,
			);
			defaultConfigurationIsVisible = 0;
			defaultConfigurationName = Release;
		};
		DA7EAEA83049C855009656D2 /* Build configuration list for PBXNativeTarget "sph-simUITests" */ = {
			isa = XCConfigurationList;
			buildConfigurations = (
				DA7EAEA93049C855009656D2 /* Debug */,
				DA7EAEAA3049C855009656D2 /* Release */,
			);
			defaultConfigurationIsVisible = 0;
			defaultConfigurationName = Release;
		};
/* End XCConfigurationList section */
	};
	rootObject = DA7EAE6B3049C854009656D2 /* Project object */;
}
